{
  "name": "scripts",
  "version": "1.0.0",
  "lockfileVersion": 2,
  "requires": true,
  "packages": {
    "": {
      "name": "scripts",
      "version": "1.0.0",
      "license": "ISC",
      "dependencies": {
        "@wakeadmin/docker-build": "^0.1.9"
      }
    },
    "node_modules/@wakeadmin/docker-build": {
      "version": "0.1.9",
      "resolved": "https://registry.npmjs.org/@wakeadmin/docker-build/-/docker-build-0.1.9.tgz",
      "integrity": "sha512-2/MkbEYs1fW4hg6toi+RP57ArZGQxvzN0v4sapaEq6OYXcBMv//0kjQTU8Obf3ghF//1hNSQMYanRXveaKBPgA==",
      "dependencies": {
        "lodash": "^4.17.21"
      }
    },
    "node_modules/lodash": {
      "version": "4.17.21",
      "resolved": "https://registry.npmjs.org/lodash/-/lodash-4.17.21.tgz",
      "integrity": "sha512-v2kDEe57lecTulaDIuNTPy3Ry4gLGJ6Z1O3vE1krgXZNrsQ+LFTGHVxVjcXPs17LhbZVGedAJv8XZ1tvj5FvSg=="
    }
  },
  "dependencies": {
    "@wakeadmin/docker-build": {
      "version": "0.1.9",
      "resolved": "https://registry.npmjs.org/@wakeadmin/docker-build/-/docker-build-0.1.9.tgz",
      "integrity": "sha512-2/MkbEYs1fW4hg6toi+RP57ArZGQxvzN0v4sapaEq6OYXcBMv//0kjQTU8Obf3ghF//1hNSQMYanRXveaKBPgA==",
      "requires": {
        "lodash": "^4.17.21"
      }
    },
    "lodash": {
      "version": "4.17.21",
      "resolved": "https://registry.npmjs.org/lodash/-/lodash-4.17.21.tgz",
      "integrity": "sha512-v2kDEe57lecTulaDIuNTPy3Ry4gLGJ6Z1O3vE1krgXZNrsQ+LFTGHVxVjcXPs17LhbZVGedAJv8XZ1tvj5FvSg=="
    }
  }
}
